
Microsoft Visual Studio Solution File, Format Version 12.00
# Visual Studio 15
VisualStudioVersion = 15.0.26730.16
MinimumVisualStudioVersion = 10.0.40219.1
Project("{9A19103F-16F7-4668-BE54-9A1E7A4F7556}") = "JobListingBot", "JobListingBot\JobListingBot.csproj", "{A8120BF5-C250-4D7A-BCC3-C0056E96CB9A}"
EndProject
Project("{FAE04EC0-301F-11D3-BF4B-00C04F79EFBC}") = "SearchDialogs", "SearchDialogs\SearchDialogs.csproj", "{DD22A0B9-9F9A-4F88-87F5-3189BCD804AF}"
EndProject
Global
	GlobalSection(SolutionConfigurationPlatforms) = preSolution
		Debug|Any CPU = Debug|Any CPU
		Release|Any CPU = Release|Any CPU
	EndGlobalSection
	GlobalSection(ProjectConfigurationPlatforms) = postSolution
		{A8120BF5-C250-4D7A-BCC3-C0056E96CB9A}.Debug|Any CPU.ActiveCfg = Debug|Any CPU
		{A8120BF5-C250-4D7A-BCC3-C0056E96CB9A}.Debug|Any CPU.Build.0 = Debug|Any CPU
		{A8120BF5-C250-4D7A-BCC3-C0056E96CB9A}.Release|Any CPU.ActiveCfg = Release|Any CPU
		{A8120BF5-C250-4D7A-BCC3-C0056E96CB9A}.Release|Any CPU.Build.0 = Release|Any CPU
		{DD22A0B9-9F9A-4F88-87F5-3189BCD804AF}.Debug|Any CPU.ActiveCfg = Debug|Any CPU
		{DD22A0B9-9F9A-4F88-87F5-3189BCD804AF}.Debug|Any CPU.Build.0 = Debug|Any CPU
		{DD22A0B9-9F9A-4F88-87F5-3189BCD804AF}.Release|Any CPU.ActiveCfg = Release|Any CPU
		{DD22A0B9-9F9A-4F88-87F5-3189BCD804AF}.Release|Any CPU.Build.0 = Release|Any CPU
	EndGlobalSection
	GlobalSection(SolutionProperties) = preSolution
		HideSolutionNode = FALSE
	EndGlobalSection
	GlobalSection(ExtensibilityGlobals) = postSolution
		SolutionGuid = {A1688CD0-D599-4869-B853-F3286E2DAD1A}
	EndGlobalSection
EndGlobal
